// !$*UTF8*$!
{
	archiveVersion = 1;
	classes = {
	};
	objectVersion = 46;
	objects = {

/* Begin PBXBuildFile section */
		481117BB195195DE0089A49B /* Icon-40.png in Resources */ = {isa = PBXBuildFile; fileRef = 481117AB195195DE0089A49B /* Icon-40.png */; };
		481117BC195195DE0089A49B /* Icon-40@2x.png in Resources */ = {isa = PBXBuildFile; fileRef = 481117AC195195DE0089A49B /* Icon-40@2x.png */; };
		481117BD195195DE0089A49B /* Icon-60.png in Resources */ = {isa = PBXBuildFile; fileRef = 481117AD195195DE0089A49B /* Icon-60.png */; };
		481117BE195195DE0089A49B /* Icon-60@2x.png in Resources */ = {isa = PBXBuildFile; fileRef = 481117AE195195DE0089A49B /* Icon-60@2x.png */; };
		481117BF195195DE0089A49B /* Icon-72.png in Resources */ = {isa = PBXBuildFile; fileRef = 481117AF195195DE0089A49B /* Icon-72.png */; };
		481117C0195195DE0089A49B /* Icon-72@2x.png in Resources */ = {isa = PBXBuildFile; fileRef = 481117B0195195DE0089A49B /* Icon-72@2x.png */; };
		481117C1195195DE0089A49B /* Icon-76.png in Resources */ = {isa = PBXBuildFile; fileRef = 481117B1195195DE0089A49B /* Icon-76.png */; };
		481117C2195195DE0089A49B /* Icon-76@2x.png in Resources */ = {isa = PBXBuildFile; fileRef = 481117B2195195DE0089A49B /* Icon-76@2x.png */; };
		481117C3195195DE0089A49B /* Icon-Small-50.png in Resources */ = {isa = PBXBuildFile; fileRef = 481117B3195195DE0089A49B /* Icon-Small-50.png */; };
		481117C4195195DE0089A49B /* Icon-Small-50@2x.png in Resources */ = {isa = PBXBuildFile; fileRef = 481117B4195195DE0089A49B /* Icon-Small-50@2x.png */; };
		481117C5195195DE0089A49B /* Icon-Small.png in Resources */ = {isa = PBXBuildFile; fileRef = 481117B5195195DE0089A49B /* Icon-Small.png */; };
		481117C6195195DE0089A49B /* Icon-Small@2x.png in Resources */ = {isa = PBXBuildFile; fileRef = 481117B6195195DE0089A49B /* Icon-Small@2x.png */; };
		481117C7195195DE0089A49B /* Icon.png in Resources */ = {isa = PBXBuildFile; fileRef = 481117B7195195DE0089A49B /* Icon.png */; };
		481117C8195195DE0089A49B /* Icon@2x.png in Resources */ = {isa = PBXBuildFile; fileRef = 481117B8195195DE0089A49B /* Icon@2x.png */; };
		481117C9195195DE0089A49B /* iTunesArtwork in Resources */ = {isa = PBXBuildFile; fileRef = 481117B9195195DE0089A49B /* iTunesArtwork */; };
		481117CA195195DE0089A49B /* iTunesArtwork@2x in Resources */ = {isa = PBXBuildFile; fileRef = 481117BA195195DE0089A49B /* iTunesArtwork@2x */; };
		48B35770194ABC91005E2C9E /* Foundation.framework in Frameworks */ = {isa = PBXBuildFile; fileRef = 48B3576F194ABC91005E2C9E /* Foundation.framework */; };
		48B35772194ABC91005E2C9E /* CoreGraphics.framework in Frameworks */ = {isa = PBXBuildFile; fileRef = 48B35771194ABC91005E2C9E /* CoreGraphics.framework */; };
		48B35774194ABC91005E2C9E /* UIKit.framework in Frameworks */ = {isa = PBXBuildFile; fileRef = 48B35773194ABC91005E2C9E /* UIKit.framework */; };
		48B3577A194ABC91005E2C9E /* InfoPlist.strings in Resources */ = {isa = PBXBuildFile; fileRef = 48B35778194ABC91005E2C9E /* InfoPlist.strings */; };
		48B3577C194ABC91005E2C9E /* main.m in Sources */ = {isa = PBXBuildFile; fileRef = 48B3577B194ABC91005E2C9E /* main.m */; };
		48B35780194ABC91005E2C9E /* AppDelegate.m in Sources */ = {isa = PBXBuildFile; fileRef = 48B3577F194ABC91005E2C9E /* AppDelegate.m */; };
		48B35783194ABC91005E2C9E /* Main_iPhone.storyboard in Resources */ = {isa = PBXBuildFile; fileRef = 48B35781194ABC91005E2C9E /* Main_iPhone.storyboard */; };
		48B35786194ABC91005E2C9E /* Main_iPad.storyboard in Resources */ = {isa = PBXBuildFile; fileRef = 48B35784194ABC91005E2C9E /* Main_iPad.storyboard */; };
		48B35789194ABC91005E2C9E /* ViewController.m in Sources */ = {isa = PBXBuildFile; fileRef = 48B35788194ABC91005E2C9E /* ViewController.m */; };
		48B3578B194ABC91005E2C9E /* Images.xcassets in Resources */ = {isa = PBXBuildFile; fileRef = 48B3578A194ABC91005E2C9E /* Images.xcassets */; };
		48B35792194ABC91005E2C9E /* XCTest.framework in Frameworks */ = {isa = PBXBuildFile; fileRef = 48B35791194ABC91005E2C9E /* XCTest.framework */; };
		48B35793194ABC91005E2C9E /* Foundation.framework in Frameworks */ = {isa = PBXBuildFile; fileRef = 48B3576F194ABC91005E2C9E /* Foundation.framework */; };
		48B35794194ABC91005E2C9E /* UIKit.framework in Frameworks */ = {isa = PBXBuildFile; fileRef = 48B35773194ABC91005E2C9E /* UIKit.framework */; };
		48B3579C194ABC91005E2C9E /* InfoPlist.strings in Resources */ = {isa = PBXBuildFile; fileRef = 48B3579A194ABC91005E2C9E /* InfoPlist.strings */; };
		48B3579E194ABC91005E2C9E /* HomeBookTests.m in Sources */ = {isa = PBXBuildFile; fileRef = 48B3579D194ABC91005E2C9E /* HomeBookTests.m */; };
		48B357B1194ABCD9005E2C9E /* AddItemViewController.m in Sources */ = {isa = PBXBuildFile; fileRef = 48B357A8194ABCD9005E2C9E /* AddItemViewController.m */; };
		48B357B2194ABCD9005E2C9E /* ContainerViewController.m in Sources */ = {isa = PBXBuildFile; fileRef = 48B357AA194ABCD9005E2C9E /* ContainerViewController.m */; };
		48B357B3194ABCD9005E2C9E /* DashBoardViewController.m in Sources */ = {isa = PBXBuildFile; fileRef = 48B357AC194ABCD9005E2C9E /* DashBoardViewController.m */; };
		48B357B4194ABCD9005E2C9E /* MenuViewController.m in Sources */ = {isa = PBXBuildFile; fileRef = 48B357AE194ABCD9005E2C9E /* MenuViewController.m */; };
		48B357B5194ABCD9005E2C9E /* SignupViewController.m in Sources */ = {isa = PBXBuildFile; fileRef = 48B357B0194ABCD9005E2C9E /* SignupViewController.m */; };
		48B3582C194ABD27005E2C9E /* DataBaseManager.m in Sources */ = {isa = PBXBuildFile; fileRef = 48B357B8194ABD27005E2C9E /* DataBaseManager.m */; };
		48B3582E194ABD27005E2C9E /* 1024x768.png in Resources */ = {isa = PBXBuildFile; fileRef = 48B357BB194ABD27005E2C9E /* 1024x768.png */; };
		48B3582F194ABD27005E2C9E /* 768x1024.png in Resources */ = {isa = PBXBuildFile; fileRef = 48B357BC194ABD27005E2C9E /* 768x1024.png */; };
		48B35830194ABD27005E2C9E /* Add_House_Btn.png in Resources */ = {isa = PBXBuildFile; fileRef = 48B357BD194ABD27005E2C9E /* Add_House_Btn.png */; };
		48B35831194ABD27005E2C9E /* addRoomBgView.png in Resources */ = {isa = PBXBuildFile; fileRef = 48B357BE194ABD27005E2C9E /* addRoomBgView.png */; };
		48B35832194ABD27005E2C9E /* Arrows-Back-icon.png in Resources */ = {isa = PBXBuildFile; fileRef = 48B357BF194ABD27005E2C9E /* Arrows-Back-icon.png */; };
		48B35833194ABD27005E2C9E /* back_btn.png in Resources */ = {isa = PBXBuildFile; fileRef = 48B357C0194ABD27005E2C9E /* back_btn.png */; };
		48B35834194ABD27005E2C9E /* blackSetting.png in Resources */ = {isa = PBXBuildFile; fileRef = 48B357C1194ABD27005E2C9E /* blackSetting.png */; };
		48B35835194ABD27005E2C9E /* button_black_1.png in Resources */ = {isa = PBXBuildFile; fileRef = 48B357C2194ABD27005E2C9E /* button_black_1.png */; };
		48B35836194ABD27005E2C9E /* button_black_2.png in Resources */ = {isa = PBXBuildFile; fileRef = 48B357C3194ABD27005E2C9E /* button_black_2.png */; };
		48B35837194ABD27005E2C9E /* checkbox.png in Resources */ = {isa = PBXBuildFile; fileRef = 48B357C4194ABD27005E2C9E /* checkbox.png */; };
		48B35838194ABD27005E2C9E /* checkbox_green.png in Resources */ = {isa = PBXBuildFile; fileRef = 48B357C5194ABD27005E2C9E /* checkbox_green.png */; };
		48B35839194ABD27005E2C9E /* cross.png in Resources */ = {isa = PBXBuildFile; fileRef = 48B357C6194ABD27005E2C9E /* cross.png */; };
		48B3583A194ABD27005E2C9E /* cross@2x.png in Resources */ = {isa = PBXBuildFile; fileRef = 48B357C7194ABD27005E2C9E /* cross@2x.png */; };
		48B3583B194ABD27005E2C9E /* deleteButton.png in Resources */ = {isa = PBXBuildFile; fileRef = 48B357C8194ABD27005E2C9E /* deleteButton.png */; };
		48B3583C194ABD27005E2C9E /* dropDownBtn.png in Resources */ = {isa = PBXBuildFile; fileRef = 48B357C9194ABD27005E2C9E /* dropDownBtn.png */; };
		48B3583D194ABD27005E2C9E /* Email.png in Resources */ = {isa = PBXBuildFile; fileRef = 48B357CA194ABD27005E2C9E /* Email.png */; };
		48B3583E194ABD27005E2C9E /* frame.png in Resources */ = {isa = PBXBuildFile; fileRef = 48B357CB194ABD27005E2C9E /* frame.png */; };
		48B3583F194ABD27005E2C9E /* heading.png in Resources */ = {isa = PBXBuildFile; fileRef = 48B357CC194ABD27005E2C9E /* heading.png */; };
		48B35840194ABD27005E2C9E /* house.jpg in Resources */ = {isa = PBXBuildFile; fileRef = 48B357CD194ABD27005E2C9E /* house.jpg */; };
		48B35841194ABD27005E2C9E /* houseFrame.png in Resources */ = {isa = PBXBuildFile; fileRef = 48B357CE194ABD27005E2C9E /* houseFrame.png */; };
		48B35842194ABD27005E2C9E /* HouseIcon.png in Resources */ = {isa = PBXBuildFile; fileRef = 48B357CF194ABD27005E2C9E /* HouseIcon.png */; };
		48B35843194ABD27005E2C9E /* icon100x100.png in Resources */ = {isa = PBXBuildFile; fileRef = 48B357D0194ABD27005E2C9E /* icon100x100.png */; };
		48B35844194ABD27005E2C9E /* icon144.png in Resources */ = {isa = PBXBuildFile; fileRef = 48B357D1194ABD27005E2C9E /* icon144.png */; };
		48B35845194ABD27005E2C9E /* icon152x152.png in Resources */ = {isa = PBXBuildFile; fileRef = 48B357D2194ABD27005E2C9E /* icon152x152.png */; };
		48B35846194ABD27005E2C9E /* icon40x40.png in Resources */ = {isa = PBXBuildFile; fileRef = 48B357D3194ABD27005E2C9E /* icon40x40.png */; };
		48B35847194ABD27005E2C9E /* icon50x50.png in Resources */ = {isa = PBXBuildFile; fileRef = 48B357D4194ABD27005E2C9E /* icon50x50.png */; };
		48B35848194ABD27005E2C9E /* icon72.png in Resources */ = {isa = PBXBuildFile; fileRef = 48B357D5194ABD27005E2C9E /* icon72.png */; };
		48B35849194ABD27005E2C9E /* icon76x76.png in Resources */ = {isa = PBXBuildFile; fileRef = 48B357D6194ABD27005E2C9E /* icon76x76.png */; };
		48B3584A194ABD27005E2C9E /* icon80x80.png in Resources */ = {isa = PBXBuildFile; fileRef = 48B357D7194ABD27005E2C9E /* icon80x80.png */; };
		48B3584D194ABD27005E2C9E /* Loading_1.png in Resources */ = {isa = PBXBuildFile; fileRef = 48B357DA194ABD27005E2C9E /* Loading_1.png */; };
		48B3584E194ABD27005E2C9E /* Loading_10.png in Resources */ = {isa = PBXBuildFile; fileRef = 48B357DB194ABD27005E2C9E /* Loading_10.png */; };
		48B3584F194ABD27005E2C9E /* Loading_11.png in Resources */ = {isa = PBXBuildFile; fileRef = 48B357DC194ABD27005E2C9E /* Loading_11.png */; };
		48B35850194ABD27005E2C9E /* Loading_2.png in Resources */ = {isa = PBXBuildFile; fileRef = 48B357DD194ABD27005E2C9E /* Loading_2.png */; };
		48B35851194ABD27005E2C9E /* Loading_3.png in Resources */ = {isa = PBXBuildFile; fileRef = 48B357DE194ABD27005E2C9E /* Loading_3.png */; };
		48B35852194ABD27005E2C9E /* Loading_4.png in Resources */ = {isa = PBXBuildFile; fileRef = 48B357DF194ABD27005E2C9E /* Loading_4.png */; };
		48B35853194ABD27005E2C9E /* Loading_5.png in Resources */ = {isa = PBXBuildFile; fileRef = 48B357E0194ABD27005E2C9E /* Loading_5.png */; };
		48B35854194ABD27005E2C9E /* Loading_6.png in Resources */ = {isa = PBXBuildFile; fileRef = 48B357E1194ABD27005E2C9E /* Loading_6.png */; };
		48B35855194ABD27005E2C9E /* Loading_7.png in Resources */ = {isa = PBXBuildFile; fileRef = 48B357E2194ABD27005E2C9E /* Loading_7.png */; };
		48B35856194ABD27005E2C9E /* Loading_8.png in Resources */ = {isa = PBXBuildFile; fileRef = 48B357E3194ABD27005E2C9E /* Loading_8.png */; };
		48B35857194ABD27005E2C9E /* Loading_9.png in Resources */ = {isa = PBXBuildFile; fileRef = 48B357E4194ABD27005E2C9E /* Loading_9.png */; };
		48B35858194ABD27005E2C9E /* logo.png in Resources */ = {isa = PBXBuildFile; fileRef = 48B357E5194ABD27005E2C9E /* logo.png */; };
		48B35859194ABD27005E2C9E /* logout.png in Resources */ = {isa = PBXBuildFile; fileRef = 48B357E6194ABD27005E2C9E /* logout.png */; };
		48B3585A194ABD27005E2C9E /* navbar.png in Resources */ = {isa = PBXBuildFile; fileRef = 48B357E7194ABD27005E2C9E /* navbar.png */; };
		48B3585B194ABD27005E2C9E /* navbarpotrait.png in Resources */ = {isa = PBXBuildFile; fileRef = 48B357E8194ABD27005E2C9E /* navbarpotrait.png */; };
		48B3585C194ABD27005E2C9E /* no_image.jpg in Resources */ = {isa = PBXBuildFile; fileRef = 48B357E9194ABD27005E2C9E /* no_image.jpg */; };
		48B3585D194ABD27005E2C9E /* pdf.png in Resources */ = {isa = PBXBuildFile; fileRef = 48B357EA194ABD27005E2C9E /* pdf.png */; };
		48B3585E194ABD27005E2C9E /* reveal-icon.png in Resources */ = {isa = PBXBuildFile; fileRef = 48B357EB194ABD27005E2C9E /* reveal-icon.png */; };
		48B3585F194ABD27005E2C9E /* reveal-icon@2x.png in Resources */ = {isa = PBXBuildFile; fileRef = 48B357EC194ABD27005E2C9E /* reveal-icon@2x.png */; };
		48B35860194ABD27005E2C9E /* room1.jpg in Resources */ = {isa = PBXBuildFile; fileRef = 48B357ED194ABD27005E2C9E /* room1.jpg */; };
		48B35861194ABD27005E2C9E /* RoomIcon.png in Resources */ = {isa = PBXBuildFile; fileRef = 48B357EE194ABD27005E2C9E /* RoomIcon.png */; };
		48B35862194ABD27005E2C9E /* search.png in Resources */ = {isa = PBXBuildFile; fileRef = 48B357EF194ABD27005E2C9E /* search.png */; };
		48B35863194ABD27005E2C9E /* settings.png in Resources */ = {isa = PBXBuildFile; fileRef = 48B357F0194ABD27005E2C9E /* settings.png */; };
		48B35864194ABD27005E2C9E /* Synchronize-icon.png in Resources */ = {isa = PBXBuildFile; fileRef = 48B357F1194ABD27005E2C9E /* Synchronize-icon.png */; };
		48B35865194ABD27005E2C9E /* textFieldActive.png in Resources */ = {isa = PBXBuildFile; fileRef = 48B357F2194ABD27005E2C9E /* textFieldActive.png */; };
		48B35866194ABD27005E2C9E /* FAUtilities.m in Sources */ = {isa = PBXBuildFile; fileRef = 48B357F6194ABD27005E2C9E /* FAUtilities.m */; };
		48B35867194ABD27005E2C9E /* WebServiceUtils.m in Sources */ = {isa = PBXBuildFile; fileRef = 48B357F8194ABD27005E2C9E /* WebServiceUtils.m */; };
		48B35868194ABD27005E2C9E /* NSObject+SBJson.m in Sources */ = {isa = PBXBuildFile; fileRef = 48B357FB194ABD27005E2C9E /* NSObject+SBJson.m */; };
		48B35869194ABD27005E2C9E /* SBJsonParser.m in Sources */ = {isa = PBXBuildFile; fileRef = 48B357FE194ABD27005E2C9E /* SBJsonParser.m */; };
		48B3586A194ABD27005E2C9E /* SBJsonStreamParser.m in Sources */ = {isa = PBXBuildFile; fileRef = 48B35800194ABD27005E2C9E /* SBJsonStreamParser.m */; };
		48B3586B194ABD27005E2C9E /* SBJsonStreamParserAccumulator.m in Sources */ = {isa = PBXBuildFile; fileRef = 48B35802194ABD27005E2C9E /* SBJsonStreamParserAccumulator.m */; };
		48B3586C194ABD27005E2C9E /* SBJsonStreamParserAdapter.m in Sources */ = {isa = PBXBuildFile; fileRef = 48B35804194ABD27005E2C9E /* SBJsonStreamParserAdapter.m */; };
		48B3586D194ABD27005E2C9E /* SBJsonStreamParserState.m in Sources */ = {isa = PBXBuildFile; fileRef = 48B35806194ABD27005E2C9E /* SBJsonStreamParserState.m */; };
		48B3586E194ABD27005E2C9E /* SBJsonStreamWriter.m in Sources */ = {isa = PBXBuildFile; fileRef = 48B35808194ABD27005E2C9E /* SBJsonStreamWriter.m */; };
		48B3586F194ABD27005E2C9E /* SBJsonStreamWriterAccumulator.m in Sources */ = {isa = PBXBuildFile; fileRef = 48B3580A194ABD27005E2C9E /* SBJsonStreamWriterAccumulator.m */; };
		48B35870194ABD27005E2C9E /* SBJsonStreamWriterState.m in Sources */ = {isa = PBXBuildFile; fileRef = 48B3580C194ABD27005E2C9E /* SBJsonStreamWriterState.m */; };
		48B35871194ABD27005E2C9E /* SBJsonTokeniser.m in Sources */ = {isa = PBXBuildFile; fileRef = 48B3580E194ABD27005E2C9E /* SBJsonTokeniser.m */; };
		48B35872194ABD27005E2C9E /* SBJsonUTF8Stream.m in Sources */ = {isa = PBXBuildFile; fileRef = 48B35810194ABD27005E2C9E /* SBJsonUTF8Stream.m */; };
		48B35873194ABD27005E2C9E /* SBJsonWriter.m in Sources */ = {isa = PBXBuildFile; fileRef = 48B35812194ABD27005E2C9E /* SBJsonWriter.m */; };
		48B35874194ABD27005E2C9E /* MBProgressHUD.m in Sources */ = {isa = PBXBuildFile; fileRef = 48B35816194ABD27005E2C9E /* MBProgressHUD.m */; };
		48B3587A194ABD27005E2C9E /* SWRevealViewController.m in Sources */ = {isa = PBXBuildFile; fileRef = 48B35824194ABD27005E2C9E /* SWRevealViewController.m */; };
		48B3587B194ABD27005E2C9E /* DMLogin.m in Sources */ = {isa = PBXBuildFile; fileRef = 48B35827194ABD27005E2C9E /* DMLogin.m */; };
		48B3587C194ABD27005E2C9E /* WebServiceInterface.m in Sources */ = {isa = PBXBuildFile; fileRef = 48B35829194ABD27005E2C9E /* WebServiceInterface.m */; };
		48B3587D194ABD27005E2C9E /* WSLogin.m in Sources */ = {isa = PBXBuildFile; fileRef = 48B3582B194ABD27005E2C9E /* WSLogin.m */; };
		48B3587F194ABD86005E2C9E /* CFNetwork.framework in Frameworks */ = {isa = PBXBuildFile; fileRef = 48B3587E194ABD86005E2C9E /* CFNetwork.framework */; };
		48B35881194ABD90005E2C9E /* libsqlite3.0.dylib in Frameworks */ = {isa = PBXBuildFile; fileRef = 48B35880194ABD90005E2C9E /* libsqlite3.0.dylib */; };
		48B3588D194ABE41005E2C9E /* Base64Transcoder.m in Sources */ = {isa = PBXBuildFile; fileRef = 48B35884194ABE41005E2C9E /* Base64Transcoder.m */; };
		48B3588E194ABE41005E2C9E /* HSK_CFUtilities.m in Sources */ = {isa = PBXBuildFile; fileRef = 48B35886194ABE41005E2C9E /* HSK_CFUtilities.m */; };
		48B3588F194ABE41005E2C9E /* NSData+Base64Additions.m in Sources */ = {isa = PBXBuildFile; fileRef = 48B35888194ABE41005E2C9E /* NSData+Base64Additions.m */; };
		48B35890194ABE41005E2C9E /* NSStream+SKPSMTPExtensions.m in Sources */ = {isa = PBXBuildFile; fileRef = 48B3588A194ABE41005E2C9E /* NSStream+SKPSMTPExtensions.m */; settings = {COMPILER_FLAGS = "-fno-objc-arc"; }; };
		48B35891194ABE41005E2C9E /* SKPSMTPMessage.m in Sources */ = {isa = PBXBuildFile; fileRef = 48B3588C194ABE41005E2C9E /* SKPSMTPMessage.m */; settings = {COMPILER_FLAGS = "-fno-objc-arc"; }; };
/* End PBXBuildFile section */

/* Begin PBXContainerItemProxy section */
		48B35795194ABC91005E2C9E /* PBXContainerItemProxy */ = {
			isa = PBXContainerItemProxy;
			containerPortal = 48B35764194ABC91005E2C9E /* Project object */;
			proxyType = 1;
			remoteGlobalIDString = 48B3576B194ABC91005E2C9E;
			remoteInfo = HomeBook;
		};
/* End PBXContainerItemProxy section */

/* Begin PBXFileReference section */
		481117AB195195DE0089A49B /* Icon-40.png */ = {isa = PBXFileReference; lastKnownFileType = image.png; path = "Icon-40.png"; sourceTree = "<group>"; };
		481117AC195195DE0089A49B /* Icon-40@2x.png */ = {isa = PBXFileReference; lastKnownFileType = image.png; path = "Icon-40@2x.png"; sourceTree = "<group>"; };
		481117AD195195DE0089A49B /* Icon-60.png */ = {isa = PBXFileReference; lastKnownFileType = image.png; path = "Icon-60.png"; sourceTree = "<group>"; };
		481117AE195195DE0089A49B /* Icon-60@2x.png */ = {isa = PBXFileReference; lastKnownFileType = image.png; path = "Icon-60@2x.png"; sourceTree = "<group>"; };
		481117AF195195DE0089A49B /* Icon-72.png */ = {isa = PBXFileReference; lastKnownFileType = image.png; path = "Icon-72.png"; sourceTree = "<group>"; };
		481117B0195195DE0089A49B /* Icon-72@2x.png */ = {isa = PBXFileReference; lastKnownFileType = image.png; path = "Icon-72@2x.png"; sourceTree = "<group>"; };
		481117B1195195DE0089A49B /* Icon-76.png */ = {isa = PBXFileReference; lastKnownFileType = image.png; path = "Icon-76.png"; sourceTree = "<group>"; };
		481117B2195195DE0089A49B /* Icon-76@2x.png */ = {isa = PBXFileReference; lastKnownFileType = image.png; path = "Icon-76@2x.png"; sourceTree = "<group>"; };
		481117B3195195DE0089A49B /* Icon-Small-50.png */ = {isa = PBXFileReference; lastKnownFileType = image.png; path = "Icon-Small-50.png"; sourceTree = "<group>"; };
		481117B4195195DE0089A49B /* Icon-Small-50@2x.png */ = {isa = PBXFileReference; lastKnownFileType = image.png; path = "Icon-Small-50@2x.png"; sourceTree = "<group>"; };
		481117B5195195DE0089A49B /* Icon-Small.png */ = {isa = PBXFileReference; lastKnownFileType = image.png; path = "Icon-Small.png"; sourceTree = "<group>"; };
		481117B6195195DE0089A49B /* Icon-Small@2x.png */ = {isa = PBXFileReference; lastKnownFileType = image.png; path = "Icon-Small@2x.png"; sourceTree = "<group>"; };
		481117B7195195DE0089A49B /* Icon.png */ = {isa = PBXFileReference; lastKnownFileType = image.png; path = Icon.png; sourceTree = "<group>"; };
		481117B8195195DE0089A49B /* Icon@2x.png */ = {isa = PBXFileReference; lastKnownFileType = image.png; path = "Icon@2x.png"; sourceTree = "<group>"; };
		481117B9195195DE0089A49B /* iTunesArtwork */ = {isa = PBXFileReference; lastKnownFileType = file; path = iTunesArtwork; sourceTree = "<group>"; };
		481117BA195195DE0089A49B /* iTunesArtwork@2x */ = {isa = PBXFileReference; lastKnownFileType = file; path = "iTunesArtwork@2x"; sourceTree = "<group>"; };
		48B3576C194ABC91005E2C9E /* HomeBook.app */ = {isa = PBXFileReference; explicitFileType = wrapper.application; includeInIndex = 0; path = HomeBook.app; sourceTree = BUILT_PRODUCTS_DIR; };
		48B3576F194ABC91005E2C9E /* Foundation.framework */ = {isa = PBXFileReference; lastKnownFileType = wrapper.framework; name = Foundation.framework; path = System/Library/Frameworks/Foundation.framework; sourceTree = SDKROOT; };
		48B35771194ABC91005E2C9E /* CoreGraphics.framework */ = {isa = PBXFileReference; lastKnownFileType = wrapper.framework; name = CoreGraphics.framework; path = System/Library/Frameworks/CoreGraphics.framework; sourceTree = SDKROOT; };
		48B35773194ABC91005E2C9E /* UIKit.framework */ = {isa = PBXFileReference; lastKnownFileType = wrapper.framework; name = UIKit.framework; path = System/Library/Frameworks/UIKit.framework; sourceTree = SDKROOT; };
		48B35777194ABC91005E2C9E /* HomeBook-Info.plist */ = {isa = PBXFileReference; lastKnownFileType = text.plist.xml; path = "HomeBook-Info.plist"; sourceTree = "<group>"; };
		48B35779194ABC91005E2C9E /* en */ = {isa = PBXFileReference; lastKnownFileType = text.plist.strings; name = en; path = en.lproj/InfoPlist.strings; sourceTree = "<group>"; };
		48B3577B194ABC91005E2C9E /* main.m */ = {isa = PBXFileReference; lastKnownFileType = sourcecode.c.objc; path = main.m; sourceTree = "<group>"; };
		48B3577D194ABC91005E2C9E /* HomeBook-Prefix.pch */ = {isa = PBXFileReference; lastKnownFileType = sourcecode.c.h; path = "HomeBook-Prefix.pch"; sourceTree = "<group>"; };
		48B3577E194ABC91005E2C9E /* AppDelegate.h */ = {isa = PBXFileReference; lastKnownFileType = sourcecode.c.h; path = AppDelegate.h; sourceTree = "<group>"; };
		48B3577F194ABC91005E2C9E /* AppDelegate.m */ = {isa = PBXFileReference; lastKnownFileType = sourcecode.c.objc; path = AppDelegate.m; sourceTree = "<group>"; };
		48B35782194ABC91005E2C9E /* Base */ = {isa = PBXFileReference; lastKnownFileType = file.storyboard; name = Base; path = Base.lproj/Main_iPhone.storyboard; sourceTree = "<group>"; };
		48B35785194ABC91005E2C9E /* Base */ = {isa = PBXFileReference; lastKnownFileType = file.storyboard; name = Base; path = Base.lproj/Main_iPad.storyboard; sourceTree = "<group>"; };
		48B35787194ABC91005E2C9E /* ViewController.h */ = {isa = PBXFileReference; lastKnownFileType = sourcecode.c.h; path = ViewController.h; sourceTree = "<group>"; };
		48B35788194ABC91005E2C9E /* ViewController.m */ = {isa = PBXFileReference; lastKnownFileType = sourcecode.c.objc; path = ViewController.m; sourceTree = "<group>"; };
		48B3578A194ABC91005E2C9E /* Images.xcassets */ = {isa = PBXFileReference; lastKnownFileType = folder.assetcatalog; path = Images.xcassets; sourceTree = "<group>"; };
		48B35790194ABC91005E2C9E /* HomeBookTests.xctest */ = {isa = PBXFileReference; explicitFileType = wrapper.cfbundle; includeInIndex = 0; path = HomeBookTests.xctest; sourceTree = BUILT_PRODUCTS_DIR; };
		48B35791194ABC91005E2C9E /* XCTest.framework */ = {isa = PBXFileReference; lastKnownFileType = wrapper.framework; name = XCTest.framework; path = Library/Frameworks/XCTest.framework; sourceTree = DEVELOPER_DIR; };
		48B35799194ABC91005E2C9E /* HomeBookTests-Info.plist */ = {isa = PBXFileReference; lastKnownFileType = text.plist.xml; path = "HomeBookTests-Info.plist"; sourceTree = "<group>"; };
		48B3579B194ABC91005E2C9E /* en */ = {isa = PBXFileReference; lastKnownFileType = text.plist.strings; name = en; path = en.lproj/InfoPlist.strings; sourceTree = "<group>"; };
		48B3579D194ABC91005E2C9E /* HomeBookTests.m */ = {isa = PBXFileReference; lastKnownFileType = sourcecode.c.objc; path = HomeBookTests.m; sourceTree = "<group>"; };
		48B357A7194ABCD9005E2C9E /* AddItemViewController.h */ = {isa = PBXFileReference; fileEncoding = 4; lastKnownFileType = sourcecode.c.h; path = AddItemViewController.h; sourceTree = "<group>"; };
		48B357A8194ABCD9005E2C9E /* AddItemViewController.m */ = {isa = PBXFileReference; fileEncoding = 4; lastKnownFileType = sourcecode.c.objc; path = AddItemViewController.m; sourceTree = "<group>"; };
		48B357A9194ABCD9005E2C9E /* ContainerViewController.h */ = {isa = PBXFileReference; fileEncoding = 4; lastKnownFileType = sourcecode.c.h; path = ContainerViewController.h; sourceTree = "<group>"; };
		48B357AA194ABCD9005E2C9E /* ContainerViewController.m */ = {isa = PBXFileReference; fileEncoding = 4; lastKnownFileType = sourcecode.c.objc; path = ContainerViewController.m; sourceTree = "<group>"; };
		48B357AB194ABCD9005E2C9E /* DashBoardViewController.h */ = {isa = PBXFileReference; fileEncoding = 4; lastKnownFileType = sourcecode.c.h; path = DashBoardViewController.h; sourceTree = "<group>"; };
		48B357AC194ABCD9005E2C9E /* DashBoardViewController.m */ = {isa = PBXFileReference; fileEncoding = 4; lastKnownFileType = sourcecode.c.objc; path = DashBoardViewController.m; sourceTree = "<group>"; };
		48B357AD194ABCD9005E2C9E /* MenuViewController.h */ = {isa = PBXFileReference; fileEncoding = 4; lastKnownFileType = sourcecode.c.h; path = MenuViewController.h; sourceTree = "<group>"; };
		48B357AE194ABCD9005E2C9E /* MenuViewController.m */ = {isa = PBXFileReference; fileEncoding = 4; lastKnownFileType = sourcecode.c.objc; path = MenuViewController.m; sourceTree = "<group>"; };
		48B357AF194ABCD9005E2C9E /* SignupViewController.h */ = {isa = PBXFileReference; fileEncoding = 4; lastKnownFileType = sourcecode.c.h; path = SignupViewController.h; sourceTree = "<group>"; };
		48B357B0194ABCD9005E2C9E /* SignupViewController.m */ = {isa = PBXFileReference; fileEncoding = 4; lastKnownFileType = sourcecode.c.objc; path = SignupViewController.m; sourceTree = "<group>"; };
		48B357B7194ABD27005E2C9E /* DataBaseManager.h */ = {isa = PBXFileReference; fileEncoding = 4; lastKnownFileType = sourcecode.c.h; path = DataBaseManager.h; sourceTree = "<group>"; };
		48B357B8194ABD27005E2C9E /* DataBaseManager.m */ = {isa = PBXFileReference; fileEncoding = 4; lastKnownFileType = sourcecode.c.objc; path = DataBaseManager.m; sourceTree = "<group>"; };
		48B357BB194ABD27005E2C9E /* 1024x768.png */ = {isa = PBXFileReference; lastKnownFileType = image.png; path = 1024x768.png; sourceTree = "<group>"; };
		48B357BC194ABD27005E2C9E /* 768x1024.png */ = {isa = PBXFileReference; lastKnownFileType = image.png; path = 768x1024.png; sourceTree = "<group>"; };
		48B357BD194ABD27005E2C9E /* Add_House_Btn.png */ = {isa = PBXFileReference; lastKnownFileType = image.png; path = Add_House_Btn.png; sourceTree = "<group>"; };
		48B357BE194ABD27005E2C9E /* addRoomBgView.png */ = {isa = PBXFileReference; lastKnownFileType = image.png; path = addRoomBgView.png; sourceTree = "<group>"; };
		48B357BF194ABD27005E2C9E /* Arrows-Back-icon.png */ = {isa = PBXFileReference; lastKnownFileType = image.png; path = "Arrows-Back-icon.png"; sourceTree = "<group>"; };
		48B357C0194ABD27005E2C9E /* back_btn.png */ = {isa = PBXFileReference; lastKnownFileType = image.png; path = back_btn.png; sourceTree = "<group>"; };
		48B357C1194ABD27005E2C9E /* blackSetting.png */ = {isa = PBXFileReference; lastKnownFileType = image.png; path = blackSetting.png; sourceTree = "<group>"; };
		48B357C2194ABD27005E2C9E /* button_black_1.png */ = {isa = PBXFileReference; lastKnownFileType = image.png; path = button_black_1.png; sourceTree = "<group>"; };
		48B357C3194ABD27005E2C9E /* button_black_2.png */ = {isa = PBXFileReference; lastKnownFileType = image.png; path = button_black_2.png; sourceTree = "<group>"; };
		48B357C4194ABD27005E2C9E /* checkbox.png */ = {isa = PBXFileReference; lastKnownFileType = image.png; path = checkbox.png; sourceTree = "<group>"; };
		48B357C5194ABD27005E2C9E /* checkbox_green.png */ = {isa = PBXFileReference; lastKnownFileType = image.png; path = checkbox_green.png; sourceTree = "<group>"; };
		48B357C6194ABD27005E2C9E /* cross.png */ = {isa = PBXFileReference; lastKnownFileType = image.png; path = cross.png; sourceTree = "<group>"; };
		48B357C7194ABD27005E2C9E /* cross@2x.png */ = {isa = PBXFileReference; lastKnownFileType = image.png; path = "cross@2x.png"; sourceTree = "<group>"; };
		48B357C8194ABD27005E2C9E /* deleteButton.png */ = {isa = PBXFileReference; lastKnownFileType = image.png; path = deleteButton.png; sourceTree = "<group>"; };
		48B357C9194ABD27005E2C9E /* dropDownBtn.png */ = {isa = PBXFileReference; lastKnownFileType = image.png; path = dropDownBtn.png; sourceTree = "<group>"; };
		48B357CA194ABD27005E2C9E /* Email.png */ = {isa = PBXFileReference; lastKnownFileType = image.png; path = Email.png; sourceTree = "<group>"; };
		48B357CB194ABD27005E2C9E /* frame.png */ = {isa = PBXFileReference; lastKnownFileType = image.png; path = frame.png; sourceTree = "<group>"; };
		48B357CC194ABD27005E2C9E /* heading.png */ = {isa = PBXFileReference; lastKnownFileType = image.png; path = heading.png; sourceTree = "<group>"; };
		48B357CD194ABD27005E2C9E /* house.jpg */ = {isa = PBXFileReference; lastKnownFileType = image.jpeg; path = house.jpg; sourceTree = "<group>"; };
		48B357CE194ABD27005E2C9E /* houseFrame.png */ = {isa = PBXFileReference; lastKnownFileType = image.png; path = houseFrame.png; sourceTree = "<group>"; };
		48B357CF194ABD27005E2C9E /* HouseIcon.png */ = {isa = PBXFileReference; lastKnownFileType = image.png; path = HouseIcon.png; sourceTree = "<group>"; };
		48B357D0194ABD27005E2C9E /* icon100x100.png */ = {isa = PBXFileReference; lastKnownFileType = image.png; path = icon100x100.png; sourceTree = "<group>"; };
		48B357D1194ABD27005E2C9E /* icon144.png */ = {isa = PBXFileReference; lastKnownFileType = image.png; path = icon144.png; sourceTree = "<group>"; };
		48B357D2194ABD27005E2C9E /* icon152x152.png */ = {isa = PBXFileReference; lastKnownFileType = image.png; path = icon152x152.png; sourceTree = "<group>"; };
		48B357D3194ABD27005E2C9E /* icon40x40.png */ = {isa = PBXFileReference; lastKnownFileType = image.png; path = icon40x40.png; sourceTree = "<group>"; };
		48B357D4194ABD27005E2C9E /* icon50x50.png */ = {isa = PBXFileReference; lastKnownFileType = image.png; path = icon50x50.png; sourceTree = "<group>"; };
		48B357D5194ABD27005E2C9E /* icon72.png */ = {isa = PBXFileReference; lastKnownFileType = image.png; path = icon72.png; sourceTree = "<group>"; };
		48B357D6194ABD27005E2C9E /* icon76x76.png */ = {isa = PBXFileReference; lastKnownFileType = image.png; path = icon76x76.png; sourceTree = "<group>"; };
		48B357D7194ABD27005E2C9E /* icon80x80.png */ = {isa = PBXFileReference; lastKnownFileType = image.png; path = icon80x80.png; sourceTree = "<group>"; };
		48B357DA194ABD27005E2C9E /* Loading_1.png */ = {isa = PBXFileReference; lastKnownFileType = image.png; path = Loading_1.png; sourceTree = "<group>"; };
		48B357DB194ABD27005E2C9E /* Loading_10.png */ = {isa = PBXFileReference; lastKnownFileType = image.png; path = Loading_10.png; sourceTree = "<group>"; };
		48B357DC194ABD27005E2C9E /* Loading_11.png */ = {isa = PBXFileReference; lastKnownFileType = image.png; path = Loading_11.png; sourceTree = "<group>"; };
		48B357DD194ABD27005E2C9E /* Loading_2.png */ = {isa = PBXFileReference; lastKnownFileType = image.png; path = Loading_2.png; sourceTree = "<group>"; };
		48B357DE194ABD27005E2C9E /* Loading_3.png */ = {isa = PBXFileReference; lastKnownFileType = image.png; path = Loading_3.png; sourceTree = "<group>"; };
		48B357DF194ABD27005E2C9E /* Loading_4.png */ = {isa = PBXFileReference; lastKnownFileType = image.png; path = Loading_4.png; sourceTree = "<group>"; };
		48B357E0194ABD27005E2C9E /* Loading_5.png */ = {isa = PBXFileReference; lastKnownFileType = image.png; path = Loading_5.png; sourceTree = "<group>"; };
		48B357E1194ABD27005E2C9E /* Loading_6.png */ = {isa = PBXFileReference; lastKnownFileType = image.png; path = Loading_6.png; sourceTree = "<group>"; };
		48B357E2194ABD27005E2C9E /* Loading_7.png */ = {isa = PBXFileReference; lastKnownFileType = image.png; path = Loading_7.png; sourceTree = "<group>"; };
		48B357E3194ABD27005E2C9E /* Loading_8.png */ = {isa = PBXFileReference; lastKnownFileType = image.png; path = Loading_8.png; sourceTree = "<group>"; };
		48B357E4194ABD27005E2C9E /* Loading_9.png */ = {isa = PBXFileReference; lastKnownFileType = image.png; path = Loading_9.png; sourceTree = "<group>"; };
		48B357E5194ABD27005E2C9E /* logo.png */ = {isa = PBXFileReference; lastKnownFileType = image.png; path = logo.png; sourceTree = "<group>"; };
		48B357E6194ABD27005E2C9E /* logout.png */ = {isa = PBXFileReference; lastKnownFileType = image.png; path = logout.png; sourceTree = "<group>"; };
		48B357E7194ABD27005E2C9E /* navbar.png */ = {isa = PBXFileReference; lastKnownFileType = image.png; path = navbar.png; sourceTree = "<group>"; };
		48B357E8194ABD27005E2C9E /* navbarpotrait.png */ = {isa = PBXFileReference; lastKnownFileType = image.png; path = navbarpotrait.png; sourceTree = "<group>"; };
		48B357E9194ABD27005E2C9E /* no_image.jpg */ = {isa = PBXFileReference; lastKnownFileType = image.jpeg; path = no_image.jpg; sourceTree = "<group>"; };
		48B357EA194ABD27005E2C9E /* pdf.png */ = {isa = PBXFileReference; lastKnownFileType = image.png; path = pdf.png; sourceTree = "<group>"; };
		48B357EB194ABD27005E2C9E /* reveal-icon.png */ = {isa = PBXFileReference; lastKnownFileType = image.png; path = "reveal-icon.png"; sourceTree = "<group>"; };
		48B357EC194ABD27005E2C9E /* reveal-icon@2x.png */ = {isa = PBXFileReference; lastKnownFileType = image.png; path = "reveal-icon@2x.png"; sourceTree = "<group>"; };
		48B357ED194ABD27005E2C9E /* room1.jpg */ = {isa = PBXFileReference; lastKnownFileType = image.jpeg; path = room1.jpg; sourceTree = "<group>"; };
		48B357EE194ABD27005E2C9E /* RoomIcon.png */ = {isa = PBXFileReference; lastKnownFileType = image.png; path = RoomIcon.png; sourceTree = "<group>"; };
		48B357EF194ABD27005E2C9E /* search.png */ = {isa = PBXFileReference; lastKnownFileType = image.png; path = search.png; sourceTree = "<group>"; };
		48B357F0194ABD27005E2C9E /* settings.png */ = {isa = PBXFileReference; lastKnownFileType = image.png; path = settings.png; sourceTree = "<group>"; };
		48B357F1194ABD27005E2C9E /* Synchronize-icon.png */ = {isa = PBXFileReference; lastKnownFileType = image.png; path = "Synchronize-icon.png"; sourceTree = "<group>"; };
		48B357F2194ABD27005E2C9E /* textFieldActive.png */ = {isa = PBXFileReference; lastKnownFileType = image.png; path = textFieldActive.png; sourceTree = "<group>"; };
		48B357F5194ABD27005E2C9E /* FAUtilities.h */ = {isa = PBXFileReference; fileEncoding = 4; lastKnownFileType = sourcecode.c.h; path = FAUtilities.h; sourceTree = "<group>"; };
		48B357F6194ABD27005E2C9E /* FAUtilities.m */ = {isa = PBXFileReference; fileEncoding = 4; lastKnownFileType = sourcecode.c.objc; path = FAUtilities.m; sourceTree = "<group>"; };
		48B357F7194ABD27005E2C9E /* WebServiceUtils.h */ = {isa = PBXFileReference; fileEncoding = 4; lastKnownFileType = sourcecode.c.h; path = WebServiceUtils.h; sourceTree = "<group>"; };
		48B357F8194ABD27005E2C9E /* WebServiceUtils.m */ = {isa = PBXFileReference; fileEncoding = 4; lastKnownFileType = sourcecode.c.objc; path = WebServiceUtils.m; sourceTree = "<group>"; };
		48B357FA194ABD27005E2C9E /* NSObject+SBJson.h */ = {isa = PBXFileReference; fileEncoding = 4; lastKnownFileType = sourcecode.c.h; path = "NSObject+SBJson.h"; sourceTree = "<group>"; };
		48B357FB194ABD27005E2C9E /* NSObject+SBJson.m */ = {isa = PBXFileReference; fileEncoding = 4; lastKnownFileType = sourcecode.c.objc; path = "NSObject+SBJson.m"; sourceTree = "<group>"; };
		48B357FC194ABD27005E2C9E /* SBJson.h */ = {isa = PBXFileReference; fileEncoding = 4; lastKnownFileType = sourcecode.c.h; path = SBJson.h; sourceTree = "<group>"; };
		48B357FD194ABD27005E2C9E /* SBJsonParser.h */ = {isa = PBXFileReference; fileEncoding = 4; lastKnownFileType = sourcecode.c.h; path = SBJsonParser.h; sourceTree = "<group>"; };
		48B357FE194ABD27005E2C9E /* SBJsonParser.m */ = {isa = PBXFileReference; fileEncoding = 4; lastKnownFileType = sourcecode.c.objc; path = SBJsonParser.m; sourceTree = "<group>"; };
		48B357FF194ABD27005E2C9E /* SBJsonStreamParser.h */ = {isa = PBXFileReference; fileEncoding = 4; lastKnownFileType = sourcecode.c.h; path = SBJsonStreamParser.h; sourceTree = "<group>"; };
		48B35800194ABD27005E2C9E /* SBJsonStreamParser.m */ = {isa = PBXFileReference; fileEncoding = 4; lastKnownFileType = sourcecode.c.objc; path = SBJsonStreamParser.m; sourceTree = "<group>"; };
		48B35801194ABD27005E2C9E /* SBJsonStreamParserAccumulator.h */ = {isa = PBXFileReference; fileEncoding = 4; lastKnownFileType = sourcecode.c.h; path = SBJsonStreamParserAccumulator.h; sourceTree = "<group>"; };
		48B35802194ABD27005E2C9E /* SBJsonStreamParserAccumulator.m */ = {isa = PBXFileReference; fileEncoding = 4; lastKnownFileType = sourcecode.c.objc; path = SBJsonStreamParserAccumulator.m; sourceTree = "<group>"; };
		48B35803194ABD27005E2C9E /* SBJsonStreamParserAdapter.h */ = {isa = PBXFileReference; fileEncoding = 4; lastKnownFileType = sourcecode.c.h; path = SBJsonStreamParserAdapter.h; sourceTree = "<group>"; };
		48B35804194ABD27005E2C9E /* SBJsonStreamParserAdapter.m */ = {isa = PBXFileReference; fileEncoding = 4; lastKnownFileType = sourcecode.c.objc; path = SBJsonStreamParserAdapter.m; sourceTree = "<group>"; };
		48B35805194ABD27005E2C9E /* SBJsonStreamParserState.h */ = {isa = PBXFileReference; fileEncoding = 4; lastKnownFileType = sourcecode.c.h; path = SBJsonStreamParserState.h; sourceTree = "<group>"; };
		48B35806194ABD27005E2C9E /* SBJsonStreamParserState.m */ = {isa = PBXFileReference; fileEncoding = 4; lastKnownFileType = sourcecode.c.objc; path = SBJsonStreamParserState.m; sourceTree = "<group>"; };
		48B35807194ABD27005E2C9E /* SBJsonStreamWriter.h */ = {isa = PBXFileReference; fileEncoding = 4; lastKnownFileType = sourcecode.c.h; path = SBJsonStreamWriter.h; sourceTree = "<group>"; };
		48B35808194ABD27005E2C9E /* SBJsonStreamWriter.m */ = {isa = PBXFileReference; fileEncoding = 4; lastKnownFileType = sourcecode.c.objc; path = SBJsonStreamWriter.m; sourceTree = "<group>"; };
		48B35809194ABD27005E2C9E /* SBJsonStreamWriterAccumulator.h */ = {isa = PBXFileReference; fileEncoding = 4; lastKnownFileType = sourcecode.c.h; path = SBJsonStreamWriterAccumulator.h; sourceTree = "<group>"; };
		48B3580A194ABD27005E2C9E /* SBJsonStreamWriterAccumulator.m */ = {isa = PBXFileReference; fileEncoding = 4; lastKnownFileType = sourcecode.c.objc; path = SBJsonStreamWriterAccumulator.m; sourceTree = "<group>"; };
		48B3580B194ABD27005E2C9E /* SBJsonStreamWriterState.h */ = {isa = PBXFileReference; fileEncoding = 4; lastKnownFileType = sourcecode.c.h; path = SBJsonStreamWriterState.h; sourceTree = "<group>"; };
		48B3580C194ABD27005E2C9E /* SBJsonStreamWriterState.m */ = {isa = PBXFileReference; fileEncoding = 4; lastKnownFileType = sourcecode.c.objc; path = SBJsonStreamWriterState.m; sourceTree = "<group>"; };
		48B3580D194ABD27005E2C9E /* SBJsonTokeniser.h */ = {isa = PBXFileReference; fileEncoding = 4; lastKnownFileType = sourcecode.c.h; path = SBJsonTokeniser.h; sourceTree = "<group>"; };
		48B3580E194ABD27005E2C9E /* SBJsonTokeniser.m */ = {isa = PBXFileReference; fileEncoding = 4; lastKnownFileType = sourcecode.c.objc; path = SBJsonTokeniser.m; sourceTree = "<group>"; };
		48B3580F194ABD27005E2C9E /* SBJsonUTF8Stream.h */ = {isa = PBXFileReference; fileEncoding = 4; lastKnownFileType = sourcecode.c.h; path = SBJsonUTF8Stream.h; sourceTree = "<group>"; };
		48B35810194ABD27005E2C9E /* SBJsonUTF8Stream.m */ = {isa = PBXFileReference; fileEncoding = 4; lastKnownFileType = sourcecode.c.objc; path = SBJsonUTF8Stream.m; sourceTree = "<group>"; };
		48B35811194ABD27005E2C9E /* SBJsonWriter.h */ = {isa = PBXFileReference; fileEncoding = 4; lastKnownFileType = sourcecode.c.h; path = SBJsonWriter.h; sourceTree = "<group>"; };
		48B35812194ABD27005E2C9E /* SBJsonWriter.m */ = {isa = PBXFileReference; fileEncoding = 4; lastKnownFileType = sourcecode.c.objc; path = SBJsonWriter.m; sourceTree = "<group>"; };
		48B35814194ABD27005E2C9E /* MBProgressHUD-Prefix.pch */ = {isa = PBXFileReference; fileEncoding = 4; lastKnownFileType = sourcecode.c.h; path = "MBProgressHUD-Prefix.pch"; sourceTree = "<group>"; };
		48B35815194ABD27005E2C9E /* MBProgressHUD.h */ = {isa = PBXFileReference; fileEncoding = 4; lastKnownFileType = sourcecode.c.h; path = MBProgressHUD.h; sourceTree = "<group>"; };
		48B35816194ABD27005E2C9E /* MBProgressHUD.m */ = {isa = PBXFileReference; fileEncoding = 4; lastKnownFileType = sourcecode.c.objc; path = MBProgressHUD.m; sourceTree = "<group>"; };
		48B35823194ABD27005E2C9E /* SWRevealViewController.h */ = {isa = PBXFileReference; fileEncoding = 4; lastKnownFileType = sourcecode.c.h; path = SWRevealViewController.h; sourceTree = "<group>"; };
		48B35824194ABD27005E2C9E /* SWRevealViewController.m */ = {isa = PBXFileReference; fileEncoding = 4; lastKnownFileType = sourcecode.c.objc; path = SWRevealViewController.m; sourceTree = "<group>"; };
		48B35826194ABD27005E2C9E /* DMLogin.h */ = {isa = PBXFileReference; fileEncoding = 4; lastKnownFileType = sourcecode.c.h; path = DMLogin.h; sourceTree = "<group>"; };
		48B35827194ABD27005E2C9E /* DMLogin.m */ = {isa = PBXFileReference; fileEncoding = 4; lastKnownFileType = sourcecode.c.objc; path = DMLogin.m; sourceTree = "<group>"; };
		48B35828194ABD27005E2C9E /* WebServiceInterface.h */ = {isa = PBXFileReference; fileEncoding = 4; lastKnownFileType = sourcecode.c.h; path = WebServiceInterface.h; sourceTree = "<group>"; };
		48B35829194ABD27005E2C9E /* WebServiceInterface.m */ = {isa = PBXFileReference; fileEncoding = 4; lastKnownFileType = sourcecode.c.objc; path = WebServiceInterface.m; sourceTree = "<group>"; };
		48B3582A194ABD27005E2C9E /* WSLogin.h */ = {isa = PBXFileReference; fileEncoding = 4; lastKnownFileType = sourcecode.c.h; path = WSLogin.h; sourceTree = "<group>"; };
		48B3582B194ABD27005E2C9E /* WSLogin.m */ = {isa = PBXFileReference; fileEncoding = 4; lastKnownFileType = sourcecode.c.objc; path = WSLogin.m; sourceTree = "<group>"; };
		48B3587E194ABD86005E2C9E /* CFNetwork.framework */ = {isa = PBXFileReference; lastKnownFileType = wrapper.framework; name = CFNetwork.framework; path = System/Library/Frameworks/CFNetwork.framework; sourceTree = SDKROOT; };
		48B35880194ABD90005E2C9E /* libsqlite3.0.dylib */ = {isa = PBXFileReference; lastKnownFileType = "compiled.mach-o.dylib"; name = libsqlite3.0.dylib; path = usr/lib/libsqlite3.0.dylib; sourceTree = SDKROOT; };
		48B35883194ABE41005E2C9E /* Base64Transcoder.h */ = {isa = PBXFileReference; fileEncoding = 4; lastKnownFileType = sourcecode.c.h; path = Base64Transcoder.h; sourceTree = "<group>"; };
		48B35884194ABE41005E2C9E /* Base64Transcoder.m */ = {isa = PBXFileReference; fileEncoding = 4; lastKnownFileType = sourcecode.c.objc; path = Base64Transcoder.m; sourceTree = "<group>"; };
		48B35885194ABE41005E2C9E /* HSK_CFUtilities.h */ = {isa = PBXFileReference; fileEncoding = 4; lastKnownFileType = sourcecode.c.h; path = HSK_CFUtilities.h; sourceTree = "<group>"; };
		48B35886194ABE41005E2C9E /* HSK_CFUtilities.m */ = {isa = PBXFileReference; fileEncoding = 4; lastKnownFileType = sourcecode.c.objc; path = HSK_CFUtilities.m; sourceTree = "<group>"; };
		48B35887194ABE41005E2C9E /* NSData+Base64Additions.h */ = {isa = PBXFileReference; fileEncoding = 4; lastKnownFileType = sourcecode.c.h; path = "NSData+Base64Additions.h"; sourceTree = "<group>"; };
		48B35888194ABE41005E2C9E /* NSData+Base64Additions.m */ = {isa = PBXFileReference; fileEncoding = 4; lastKnownFileType = sourcecode.c.objc; path = "NSData+Base64Additions.m"; sourceTree = "<group>"; };
		48B35889194ABE41005E2C9E /* NSStream+SKPSMTPExtensions.h */ = {isa = PBXFileReference; fileEncoding = 4; lastKnownFileType = sourcecode.c.h; path = "NSStream+SKPSMTPExtensions.h"; sourceTree = "<group>"; };
		48B3588A194ABE41005E2C9E /* NSStream+SKPSMTPExtensions.m */ = {isa = PBXFileReference; fileEncoding = 4; lastKnownFileType = sourcecode.c.objc; path = "NSStream+SKPSMTPExtensions.m"; sourceTree = "<group>"; };
		48B3588B194ABE41005E2C9E /* SKPSMTPMessage.h */ = {isa = PBXFileReference; fileEncoding = 4; lastKnownFileType = sourcecode.c.h; path = SKPSMTPMessage.h; sourceTree = "<group>"; };
		48B3588C194ABE41005E2C9E /* SKPSMTPMessage.m */ = {isa = PBXFileReference; fileEncoding = 4; lastKnownFileType = sourcecode.c.objc; path = SKPSMTPMessage.m; sourceTree = "<group>"; };
/* End PBXFileReference section */

/* Begin PBXFrameworksBuildPhase section */
		48B35769194ABC91005E2C9E /* Frameworks */ = {
			isa = PBXFrameworksBuildPhase;
			buildActionMask = 2147483647;
			files = (
				48B35881194ABD90005E2C9E /* libsqlite3.0.dylib in Frameworks */,
				48B3587F194ABD86005E2C9E /* CFNetwork.framework in Frameworks */,
				48B35772194ABC91005E2C9E /* CoreGraphics.framework in Frameworks */,
				48B35774194ABC91005E2C9E /* UIKit.framework in Frameworks */,
				48B35770194ABC91005E2C9E /* Foundation.framework in Frameworks */,
			);
			runOnlyForDeploymentPostprocessing = 0;
		};
		48B3578D194ABC91005E2C9E /* Frameworks */ = {
			isa = PBXFrameworksBuildPhase;
			buildActionMask = 2147483647;
			files = (
				48B35792194ABC91005E2C9E /* XCTest.framework in Frameworks */,
				48B35794194ABC91005E2C9E /* UIKit.framework in Frameworks */,
				48B35793194ABC91005E2C9E /* Foundation.framework in Frameworks */,
			);
			runOnlyForDeploymentPostprocessing = 0;
		};
/* End PBXFrameworksBuildPhase section */

/* Begin PBXGroup section */
		48B35763194ABC91005E2C9E = {
			isa = PBXGroup;
			children = (
				48B35775194ABC91005E2C9E /* HomeBook */,
				48B35797194ABC91005E2C9E /* HomeBookTests */,
				48B3576E194ABC91005E2C9E /* Frameworks */,
				48B3576D194ABC91005E2C9E /* Products */,
			);
			sourceTree = "<group>";
		};
		48B3576D194ABC91005E2C9E /* Products */ = {
			isa = PBXGroup;
			children = (
				48B3576C194ABC91005E2C9E /* HomeBook.app */,
				48B35790194ABC91005E2C9E /* HomeBookTests.xctest */,
			);
			name = Products;
			sourceTree = "<group>";
		};
		48B3576E194ABC91005E2C9E /* Frameworks */ = {
			isa = PBXGroup;
			children = (
				48B35880194ABD90005E2C9E /* libsqlite3.0.dylib */,
				48B3587E194ABD86005E2C9E /* CFNetwork.framework */,
				48B3576F194ABC91005E2C9E /* Foundation.framework */,
				48B35771194ABC91005E2C9E /* CoreGraphics.framework */,
				48B35773194ABC91005E2C9E /* UIKit.framework */,
				48B35791194ABC91005E2C9E /* XCTest.framework */,
			);
			name = Frameworks;
			sourceTree = "<group>";
		};
		48B35775194ABC91005E2C9E /* HomeBook */ = {
			isa = PBXGroup;
			children = (
				48B357B6194ABD27005E2C9E /* DataBaseManager */,
				48B357B9194ABD27005E2C9E /* Images */,
				48B357F3194ABD27005E2C9E /* ThirdParty */,
				48B35825194ABD27005E2C9E /* WebServiceInterface */,
				48B3577E194ABC91005E2C9E /* AppDelegate.h */,
				48B3577F194ABC91005E2C9E /* AppDelegate.m */,
				48B35781194ABC91005E2C9E /* Main_iPhone.storyboard */,
				48B35784194ABC91005E2C9E /* Main_iPad.storyboard */,
				48B35787194ABC91005E2C9E /* ViewController.h */,
				48B35788194ABC91005E2C9E /* ViewController.m */,
				48B357A7194ABCD9005E2C9E /* AddItemViewController.h */,
				48B357A8194ABCD9005E2C9E /* AddItemViewController.m */,
				48B357A9194ABCD9005E2C9E /* ContainerViewController.h */,
				48B357AA194ABCD9005E2C9E /* ContainerViewController.m */,
				48B357AB194ABCD9005E2C9E /* DashBoardViewController.h */,
				48B357AC194ABCD9005E2C9E /* DashBoardViewController.m */,
				48B357AD194ABCD9005E2C9E /* MenuViewController.h */,
				48B357AE194ABCD9005E2C9E /* MenuViewController.m */,
				48B357AF194ABCD9005E2C9E /* SignupViewController.h */,
				48B357B0194ABCD9005E2C9E /* SignupViewController.m */,
				48B3578A194ABC91005E2C9E /* Images.xcassets */,
				48B35776194ABC91005E2C9E /* Supporting Files */,
			);
			path = HomeBook;
			sourceTree = "<group>";
		};
		48B35776194ABC91005E2C9E /* Supporting Files */ = {
			isa = PBXGroup;
			children = (
				48B35777194ABC91005E2C9E /* HomeBook-Info.plist */,
				48B35778194ABC91005E2C9E /* InfoPlist.strings */,
				48B3577B194ABC91005E2C9E /* main.m */,
				48B3577D194ABC91005E2C9E /* HomeBook-Prefix.pch */,
			);
			name = "Supporting Files";
			sourceTree = "<group>";
		};
		48B35797194ABC91005E2C9E /* HomeBookTests */ = {
			isa = PBXGroup;
			children = (
				48B3579D194ABC91005E2C9E /* HomeBookTests.m */,
				48B35798194ABC91005E2C9E /* Supporting Files */,
			);
			path = HomeBookTests;
			sourceTree = "<group>";
		};
		48B35798194ABC91005E2C9E /* Supporting Files */ = {
			isa = PBXGroup;
			children = (
				48B35799194ABC91005E2C9E /* HomeBookTests-Info.plist */,
				48B3579A194ABC91005E2C9E /* InfoPlist.strings */,
			);
			name = "Supporting Files";
			sourceTree = "<group>";
		};
		48B357B6194ABD27005E2C9E /* DataBaseManager */ = {
			isa = PBXGroup;
			children = (
				48B357B7194ABD27005E2C9E /* DataBaseManager.h */,
				48B357B8194ABD27005E2C9E /* DataBaseManager.m */,
			);
			path = DataBaseManager;
			sourceTree = "<group>";
		};
		48B357B9194ABD27005E2C9E /* Images */ = {
			isa = PBXGroup;
			children = (
				481117AB195195DE0089A49B /* Icon-40.png */,
				481117AC195195DE0089A49B /* Icon-40@2x.png */,
				481117AD195195DE0089A49B /* Icon-60.png */,
				481117AE195195DE0089A49B /* Icon-60@2x.png */,
				481117AF195195DE0089A49B /* Icon-72.png */,
				481117B0195195DE0089A49B /* Icon-72@2x.png */,
				481117B1195195DE0089A49B /* Icon-76.png */,
				481117B2195195DE0089A49B /* Icon-76@2x.png */,
				481117B3195195DE0089A49B /* Icon-Small-50.png */,
				481117B4195195DE0089A49B /* Icon-Small-50@2x.png */,
				481117B5195195DE0089A49B /* Icon-Small.png */,
				481117B6195195DE0089A49B /* Icon-Small@2x.png */,
				481117B7195195DE0089A49B /* Icon.png */,
				481117B8195195DE0089A49B /* Icon@2x.png */,
				481117B9195195DE0089A49B /* iTunesArtwork */,
				481117BA195195DE0089A49B /* iTunesArtwork@2x */,
				48B357BB194ABD27005E2C9E /* 1024x768.png */,
				48B357BC194ABD27005E2C9E /* 768x1024.png */,
				48B357BD194ABD27005E2C9E /* Add_House_Btn.png */,
				48B357BE194ABD27005E2C9E /* addRoomBgView.png */,
				48B357BF194ABD27005E2C9E /* Arrows-Back-icon.png */,
				48B357C0194ABD27005E2C9E /* back_btn.png */,
				48B357C1194ABD27005E2C9E /* blackSetting.png */,
				48B357C2194ABD27005E2C9E /* button_black_1.png */,
				48B357C3194ABD27005E2C9E /* button_black_2.png */,
				48B357C4194ABD27005E2C9E /* checkbox.png */,
				48B357C5194ABD27005E2C9E /* checkbox_green.png */,
				48B357C6194ABD27005E2C9E /* cross.png */,
				48B357C7194ABD27005E2C9E /* cross@2x.png */,
				48B357C8194ABD27005E2C9E /* deleteButton.png */,
				48B357C9194ABD27005E2C9E /* dropDownBtn.png */,
				48B357CA194ABD27005E2C9E /* Email.png */,
				48B357CB194ABD27005E2C9E /* frame.png */,
				48B357CC194ABD27005E2C9E /* heading.png */,
				48B357CD194ABD27005E2C9E /* house.jpg */,
				48B357CE194ABD27005E2C9E /* houseFrame.png */,
				48B357CF194ABD27005E2C9E /* HouseIcon.png */,
				48B357D0194ABD27005E2C9E /* icon100x100.png */,
				48B357D1194ABD27005E2C9E /* icon144.png */,
				48B357D2194ABD27005E2C9E /* icon152x152.png */,
				48B357D3194ABD27005E2C9E /* icon40x40.png */,
				48B357D4194ABD27005E2C9E /* icon50x50.png */,
				48B357D5194ABD27005E2C9E /* icon72.png */,
				48B357D6194ABD27005E2C9E /* icon76x76.png */,
				48B357D7194ABD27005E2C9E /* icon80x80.png */,
				48B357DA194ABD27005E2C9E /* Loading_1.png */,
				48B357DB194ABD27005E2C9E /* Loading_10.png */,
				48B357DC194ABD27005E2C9E /* Loading_11.png */,
				48B357DD194ABD27005E2C9E /* Loading_2.png */,
				48B357DE194ABD27005E2C9E /* Loading_3.png */,
				48B357DF194ABD27005E2C9E /* Loading_4.png */,
				48B357E0194ABD27005E2C9E /* Loading_5.png */,
				48B357E1194ABD27005E2C9E /* Loading_6.png */,
				48B357E2194ABD27005E2C9E /* Loading_7.png */,
				48B357E3194ABD27005E2C9E /* Loading_8.png */,
				48B357E4194ABD27005E2C9E /* Loading_9.png */,
				48B357E5194ABD27005E2C9E /* logo.png */,
				48B357E6194ABD27005E2C9E /* logout.png */,
				48B357E7194ABD27005E2C9E /* navbar.png */,
				48B357E8194ABD27005E2C9E /* navbarpotrait.png */,
				48B357E9194ABD27005E2C9E /* no_image.jpg */,
				48B357EA194ABD27005E2C9E /* pdf.png */,
				48B357EB194ABD27005E2C9E /* reveal-icon.png */,
				48B357EC194ABD27005E2C9E /* reveal-icon@2x.png */,
				48B357ED194ABD27005E2C9E /* room1.jpg */,
				48B357EE194ABD27005E2C9E /* RoomIcon.png */,
				48B357EF194ABD27005E2C9E /* search.png */,
				48B357F0194ABD27005E2C9E /* settings.png */,
				48B357F1194ABD27005E2C9E /* Synchronize-icon.png */,
				48B357F2194ABD27005E2C9E /* textFieldActive.png */,
			);
			path = Images;
			sourceTree = "<group>";
		};
		48B357F3194ABD27005E2C9E /* ThirdParty */ = {
			isa = PBXGroup;
			children = (
				48B35882194ABE41005E2C9E /* SMTPLibrary */,
				48B357F4194ABD27005E2C9E /* FAUtilities */,
				48B357F9194ABD27005E2C9E /* JSON */,
				48B35813194ABD27005E2C9E /* MBProgressHUD */,
				48B35822194ABD27005E2C9E /* SWRevealViewController */,
			);
			path = ThirdParty;
			sourceTree = "<group>";
		};
		48B357F4194ABD27005E2C9E /* FAUtilities */ = {
			isa = PBXGroup;
			children = (
				48B357F5194ABD27005E2C9E /* FAUtilities.h */,
				48B357F6194ABD27005E2C9E /* FAUtilities.m */,
				48B357F7194ABD27005E2C9E /* WebServiceUtils.h */,
				48B357F8194ABD27005E2C9E /* WebServiceUtils.m */,
			);
			path = FAUtilities;
			sourceTree = "<group>";
		};
		48B357F9194ABD27005E2C9E /* JSON */ = {
			isa = PBXGroup;
			children = (
				48B357FA194ABD27005E2C9E /* NSObject+SBJson.h */,
				48B357FB194ABD27005E2C9E /* NSObject+SBJson.m */,
				48B357FC194ABD27005E2C9E /* SBJson.h */,
				48B357FD194ABD27005E2C9E /* SBJsonParser.h */,
				48B357FE194ABD27005E2C9E /* SBJsonParser.m */,
				48B357FF194ABD27005E2C9E /* SBJsonStreamParser.h */,
				48B35800194ABD27005E2C9E /* SBJsonStreamParser.m */,
				48B35801194ABD27005E2C9E /* SBJsonStreamParserAccumulator.h */,
				48B35802194ABD27005E2C9E /* SBJsonStreamParserAccumulator.m */,
				48B35803194ABD27005E2C9E /* SBJsonStreamParserAdapter.h */,
				48B35804194ABD27005E2C9E /* SBJsonStreamParserAdapter.m */,
				48B35805194ABD27005E2C9E /* SBJsonStreamParserState.h */,
				48B35806194ABD27005E2C9E /* SBJsonStreamParserState.m */,
				48B35807194ABD27005E2C9E /* SBJsonStreamWriter.h */,
				48B35808194ABD27005E2C9E /* SBJsonStreamWriter.m */,
				48B35809194ABD27005E2C9E /* SBJsonStreamWriterAccumulator.h */,
				48B3580A194ABD27005E2C9E /* SBJsonStreamWriterAccumulator.m */,
				48B3580B194ABD27005E2C9E /* SBJsonStreamWriterState.h */,
				48B3580C194ABD27005E2C9E /* SBJsonStreamWriterState.m */,
				48B3580D194ABD27005E2C9E /* SBJsonTokeniser.h */,
				48B3580E194ABD27005E2C9E /* SBJsonTokeniser.m */,
				48B3580F194ABD27005E2C9E /* SBJsonUTF8Stream.h */,
				48B35810194ABD27005E2C9E /* SBJsonUTF8Stream.m */,
				48B35811194ABD27005E2C9E /* SBJsonWriter.h */,
				48B35812194ABD27005E2C9E /* SBJsonWriter.m */,
			);
			path = JSON;
			sourceTree = "<group>";
		};
		48B35813194ABD27005E2C9E /* MBProgressHUD */ = {
			isa = PBXGroup;
			children = (
				48B35814194ABD27005E2C9E /* MBProgressHUD-Prefix.pch */,
				48B35815194ABD27005E2C9E /* MBProgressHUD.h */,
				48B35816194ABD27005E2C9E /* MBProgressHUD.m */,
			);
			path = MBProgressHUD;
			sourceTree = "<group>";
		};
		48B35822194ABD27005E2C9E /* SWRevealViewController */ = {
			isa = PBXGroup;
			children = (
				48B35823194ABD27005E2C9E /* SWRevealViewController.h */,
				48B35824194ABD27005E2C9E /* SWRevealViewController.m */,
			);
			path = SWRevealViewController;
			sourceTree = "<group>";
		};
		48B35825194ABD27005E2C9E /* WebServiceInterface */ = {
			isa = PBXGroup;
			children = (
				48B35826194ABD27005E2C9E /* DMLogin.h */,
				48B35827194ABD27005E2C9E /* DMLogin.m */,
				48B35828194ABD27005E2C9E /* WebServiceInterface.h */,
				48B35829194ABD27005E2C9E /* WebServiceInterface.m */,
				48B3582A194ABD27005E2C9E /* WSLogin.h */,
				48B3582B194ABD27005E2C9E /* WSLogin.m */,
			);
			path = WebServiceInterface;
			sourceTree = "<group>";
		};
		48B35882194ABE41005E2C9E /* SMTPLibrary */ = {
			isa = PBXGroup;
			children = (
				48B35883194ABE41005E2C9E /* Base64Transcoder.h */,
				48B35884194ABE41005E2C9E /* Base64Transcoder.m */,
				48B35885194ABE41005E2C9E /* HSK_CFUtilities.h */,
				48B35886194ABE41005E2C9E /* HSK_CFUtilities.m */,
				48B35887194ABE41005E2C9E /* NSData+Base64Additions.h */,
				48B35888194ABE41005E2C9E /* NSData+Base64Additions.m */,
				48B35889194ABE41005E2C9E /* NSStream+SKPSMTPExtensions.h */,
				48B3588A194ABE41005E2C9E /* NSStream+SKPSMTPExtensions.m */,
				48B3588B194ABE41005E2C9E /* SKPSMTPMessage.h */,
				48B3588C194ABE41005E2C9E /* SKPSMTPMessage.m */,
			);
			name = SMTPLibrary;
			path = SWRevealViewController/SMTPLibrary;
			sourceTree = "<group>";
		};
/* End PBXGroup section */

/* Begin PBXNativeTarget section */
		48B3576B194ABC91005E2C9E /* HomeBook */ = {
			isa = PBXNativeTarget;
			buildConfigurationList = 48B357A1194ABC91005E2C9E /* Build configuration list for PBXNativeTarget "HomeBook" */;
			buildPhases = (
				48B35768194ABC91005E2C9E /* Sources */,
				48B35769194ABC91005E2C9E /* Frameworks */,
				48B3576A194ABC91005E2C9E /* Resources */,
			);
			buildRules = (
			);
			dependencies = (
			);
			name = HomeBook;
			productName = HomeBook;
			productReference = 48B3576C194ABC91005E2C9E /* HomeBook.app */;
			productType = "com.apple.product-type.application";
		};
		48B3578F194ABC91005E2C9E /* HomeBookTests */ = {
			isa = PBXNativeTarget;
			buildConfigurationList = 48B357A4194ABC91005E2C9E /* Build configuration list for PBXNativeTarget "HomeBookTests" */;
			buildPhases = (
				48B3578C194ABC91005E2C9E /* Sources */,
				48B3578D194ABC91005E2C9E /* Frameworks */,
				48B3578E194ABC91005E2C9E /* Resources */,
			);
			buildRules = (
			);
			dependencies = (
				48B35796194ABC91005E2C9E /* PBXTargetDependency */,
			);
			name = HomeBookTests;
			productName = HomeBookTests;
			productReference = 48B35790194ABC91005E2C9E /* HomeBookTests.xctest */;
			productType = "com.apple.product-type.bundle.unit-test";
		};
/* End PBXNativeTarget section */

/* Begin PBXProject section */
		48B35764194ABC91005E2C9E /* Project object */ = {
			isa = PBXProject;
			attributes = {
				LastUpgradeCheck = 0510;
				ORGANIZATIONNAME = Manulogix;
				TargetAttributes = {
					48B3578F194ABC91005E2C9E = {
						TestTargetID = 48B3576B194ABC91005E2C9E;
					};
				};
			};
			buildConfigurationList = 48B35767194ABC91005E2C9E /* Build configuration list for PBXProject "HomeBook" */;
			compatibilityVersion = "Xcode 3.2";
			developmentRegion = English;
			hasScannedForEncodings = 0;
			knownRegions = (
				en,
				Base,
			);
			mainGroup = 48B35763194ABC91005E2C9E;
			productRefGroup = 48B3576D194ABC91005E2C9E /* Products */;
			projectDirPath = "";
			projectRoot = "";
			targets = (
				48B3576B194ABC91005E2C9E /* HomeBook */,
				48B3578F194ABC91005E2C9E /* HomeBookTests */,
			);
		};
/* End PBXProject section */

/* Begin PBXResourcesBuildPhase section */
		48B3576A194ABC91005E2C9E /* Resources */ = {
			isa = PBXResourcesBuildPhase;
			buildActionMask = 2147483647;
			files = (
				481117C0195195DE0089A49B /* Icon-72@2x.png in Resources */,
				48B35833194ABD27005E2C9E /* back_btn.png in Resources */,
				48B3584A194ABD27005E2C9E /* icon80x80.png in Resources */,
				48B35851194ABD27005E2C9E /* Loading_3.png in Resources */,
				48B35862194ABD27005E2C9E /* search.png in Resources */,
				48B35843194ABD27005E2C9E /* icon100x100.png in Resources */,
				48B3584E194ABD27005E2C9E /* Loading_10.png in Resources */,
				481117C5195195DE0089A49B /* Icon-Small.png in Resources */,
				48B35847194ABD27005E2C9E /* icon50x50.png in Resources */,
				48B35856194ABD27005E2C9E /* Loading_8.png in Resources */,
				48B3584D194ABD27005E2C9E /* Loading_1.png in Resources */,
				48B35832194ABD27005E2C9E /* Arrows-Back-icon.png in Resources */,
				48B3582F194ABD27005E2C9E /* 768x1024.png in Resources */,
				48B35859194ABD27005E2C9E /* logout.png in Resources */,
				48B35857194ABD27005E2C9E /* Loading_9.png in Resources */,
				48B35840194ABD27005E2C9E /* house.jpg in Resources */,
				48B3585C194ABD27005E2C9E /* no_image.jpg in Resources */,
				481117C8195195DE0089A49B /* Icon@2x.png in Resources */,
				48B35786194ABC91005E2C9E /* Main_iPad.storyboard in Resources */,
				48B3583A194ABD27005E2C9E /* cross@2x.png in Resources */,
				481117C7195195DE0089A49B /* Icon.png in Resources */,
				48B35837194ABD27005E2C9E /* checkbox.png in Resources */,
				48B35831194ABD27005E2C9E /* addRoomBgView.png in Resources */,
				48B35834194ABD27005E2C9E /* blackSetting.png in Resources */,
				48B3583E194ABD27005E2C9E /* frame.png in Resources */,
				48B35845194ABD27005E2C9E /* icon152x152.png in Resources */,
				48B35842194ABD27005E2C9E /* HouseIcon.png in Resources */,
				481117CA195195DE0089A49B /* iTunesArtwork@2x in Resources */,
				481117C6195195DE0089A49B /* Icon-Small@2x.png in Resources */,
				481117BD195195DE0089A49B /* Icon-60.png in Resources */,
				48B3585E194ABD27005E2C9E /* reveal-icon.png in Resources */,
				481117C1195195DE0089A49B /* Icon-76.png in Resources */,
				48B35848194ABD27005E2C9E /* icon72.png in Resources */,
				48B3583D194ABD27005E2C9E /* Email.png in Resources */,
				48B3585D194ABD27005E2C9E /* pdf.png in Resources */,
				48B35846194ABD27005E2C9E /* icon40x40.png in Resources */,
				48B35839194ABD27005E2C9E /* cross.png in Resources */,
				48B35830194ABD27005E2C9E /* Add_House_Btn.png in Resources */,
				48B35865194ABD27005E2C9E /* textFieldActive.png in Resources */,
				48B35850194ABD27005E2C9E /* Loading_2.png in Resources */,
				48B35836194ABD27005E2C9E /* button_black_2.png in Resources */,
				48B35863194ABD27005E2C9E /* settings.png in Resources */,
				481117C2195195DE0089A49B /* Icon-76@2x.png in Resources */,
				48B35861194ABD27005E2C9E /* RoomIcon.png in Resources */,
				48B3578B194ABC91005E2C9E /* Images.xcassets in Resources */,
				481117BC195195DE0089A49B /* Icon-40@2x.png in Resources */,
				481117BE195195DE0089A49B /* Icon-60@2x.png in Resources */,
				48B35853194ABD27005E2C9E /* Loading_5.png in Resources */,
				48B35783194ABC91005E2C9E /* Main_iPhone.storyboard in Resources */,
				48B35854194ABD27005E2C9E /* Loading_6.png in Resources */,
				48B35860194ABD27005E2C9E /* room1.jpg in Resources */,
				48B35838194ABD27005E2C9E /* checkbox_green.png in Resources */,
				481117BF195195DE0089A49B /* Icon-72.png in Resources */,
				48B35852194ABD27005E2C9E /* Loading_4.png in Resources */,
				48B3584F194ABD27005E2C9E /* Loading_11.png in Resources */,
				481117BB195195DE0089A49B /* Icon-40.png in Resources */,
				48B3585B194ABD27005E2C9E /* navbarpotrait.png in Resources */,
				48B3583B194ABD27005E2C9E /* deleteButton.png in Resources */,
				48B35841194ABD27005E2C9E /* houseFrame.png in Resources */,
				481117C3195195DE0089A49B /* Icon-Small-50.png in Resources */,
				48B3577A194ABC91005E2C9E /* InfoPlist.strings in Resources */,
				48B3582E194ABD27005E2C9E /* 1024x768.png in Resources */,
				48B3585F194ABD27005E2C9E /* reveal-icon@2x.png in Resources */,
				481117C4195195DE0089A49B /* Icon-Small-50@2x.png in Resources */,
				48B35849194ABD27005E2C9E /* icon76x76.png in Resources */,
				481117C9195195DE0089A49B /* iTunesArtwork in Resources */,
				48B35844194ABD27005E2C9E /* icon144.png in Resources */,
				48B3583F194ABD27005E2C9E /* heading.png in Resources */,
				48B3585A194ABD27005E2C9E /* navbar.png in Resources */,
				48B35858194ABD27005E2C9E /* logo.png in Resources */,
				48B35835194ABD27005E2C9E /* button_black_1.png in Resources */,
				48B35864194ABD27005E2C9E /* Synchronize-icon.png in Resources */,
				48B35855194ABD27005E2C9E /* Loading_7.png in Resources */,
				48B3583C194ABD27005E2C9E /* dropDownBtn.png in Resources */,
			);
			runOnlyForDeploymentPostprocessing = 0;
		};
		48B3578E194ABC91005E2C9E /* Resources */ = {
			isa = PBXResourcesBuildPhase;
			buildActionMask = 2147483647;
			files = (
				48B3579C194ABC91005E2C9E /* InfoPlist.strings in Resources */,
			);
			runOnlyForDeploymentPostprocessing = 0;
		};
/* End PBXResourcesBuildPhase section */

/* Begin PBXSourcesBuildPhase section */
		48B35768194ABC91005E2C9E /* Sources */ = {
			isa = PBXSourcesBuildPhase;
			buildActionMask = 2147483647;
			files = (
				48B3588E194ABE41005E2C9E /* HSK_CFUtilities.m in Sources */,
				48B35789194ABC91005E2C9E /* ViewController.m in Sources */,
				48B35873194ABD27005E2C9E /* SBJsonWriter.m in Sources */,
				48B3586E194ABD27005E2C9E /* SBJsonStreamWriter.m in Sources */,
				48B35871194ABD27005E2C9E /* SBJsonTokeniser.m in Sources */,
				48B3586F194ABD27005E2C9E /* SBJsonStreamWriterAccumulator.m in Sources */,
				48B357B1194ABCD9005E2C9E /* AddItemViewController.m in Sources */,
				48B35780194ABC91005E2C9E /* AppDelegate.m in Sources */,
				48B35874194ABD27005E2C9E /* MBProgressHUD.m in Sources */,
				48B35866194ABD27005E2C9E /* FAUtilities.m in Sources */,
				48B3586D194ABD27005E2C9E /* SBJsonStreamParserState.m in Sources */,
				48B35869194ABD27005E2C9E /* SBJsonParser.m in Sources */,
				48B3586B194ABD27005E2C9E /* SBJsonStreamParserAccumulator.m in Sources */,
				48B35870194ABD27005E2C9E /* SBJsonStreamWriterState.m in Sources */,
				48B3587D194ABD27005E2C9E /* WSLogin.m in Sources */,
				48B357B3194ABCD9005E2C9E /* DashBoardViewController.m in Sources */,
				48B3587C194ABD27005E2C9E /* WebServiceInterface.m in Sources */,
				48B35890194ABE41005E2C9E /* NSStream+SKPSMTPExtensions.m in Sources */,
				48B357B4194ABCD9005E2C9E /* MenuViewController.m in Sources */,
				48B3587A194ABD27005E2C9E /* SWRevealViewController.m in Sources */,
				48B35891194ABE41005E2C9E /* SKPSMTPMessage.m in Sources */,
				48B3587B194ABD27005E2C9E /* DMLogin.m in Sources */,
				48B3577C194ABC91005E2C9E /* main.m in Sources */,
				48B3588D194ABE41005E2C9E /* Base64Transcoder.m in Sources */,
				48B357B5194ABCD9005E2C9E /* SignupViewController.m in Sources */,
				48B3588F194ABE41005E2C9E /* NSData+Base64Additions.m in Sources */,
				48B35872194ABD27005E2C9E /* SBJsonUTF8Stream.m in Sources */,
				48B35867194ABD27005E2C9E /* WebServiceUtils.m in Sources */,
				48B357B2194ABCD9005E2C9E /* ContainerViewController.m in Sources */,
				48B3586A194ABD27005E2C9E /* SBJsonStreamParser.m in Sources */,
				48B35868194ABD27005E2C9E /* NSObject+SBJson.m in Sources */,
				48B3582C194ABD27005E2C9E /* DataBaseManager.m in Sources */,
				48B3586C194ABD27005E2C9E /* SBJsonStreamParserAdapter.m in Sources */,
			);
			runOnlyForDeploymentPostprocessing = 0;
		};
		48B3578C194ABC91005E2C9E /* Sources */ = {
			isa = PBXSourcesBuildPhase;
			buildActionMask = 2147483647;
			files = (
				48B3579E194ABC91005E2C9E /* HomeBookTests.m in Sources */,
			);
			runOnlyForDeploymentPostprocessing = 0;
		};
/* End PBXSourcesBuildPhase section */

/* Begin PBXTargetDependency section */
		48B35796194ABC91005E2C9E /* PBXTargetDependency */ = {
			isa = PBXTargetDependency;
			target = 48B3576B194ABC91005E2C9E /* HomeBook */;
			targetProxy = 48B35795194ABC91005E2C9E /* PBXContainerItemProxy */;
		};
/* End PBXTargetDependency section */

/* Begin PBXVariantGroup section */
		48B35778194ABC91005E2C9E /* InfoPlist.strings */ = {
			isa = PBXVariantGroup;
			children = (
				48B35779194ABC91005E2C9E /* en */,
			);
			name = InfoPlist.strings;
			sourceTree = "<group>";
		};
		48B35781194ABC91005E2C9E /* Main_iPhone.storyboard */ = {
			isa = PBXVariantGroup;
			children = (
				48B35782194ABC91005E2C9E /* Base */,
			);
			name = Main_iPhone.storyboard;
			sourceTree = "<group>";
		};
		48B35784194ABC91005E2C9E /* Main_iPad.storyboard */ = {
			isa = PBXVariantGroup;
			children = (
				48B35785194ABC91005E2C9E /* Base */,
			);
			name = Main_iPad.storyboard;
			sourceTree = "<group>";
		};
		48B3579A194ABC91005E2C9E /* InfoPlist.strings */ = {
			isa = PBXVariantGroup;
			children = (
				48B3579B194ABC91005E2C9E /* en */,
			);
			name = InfoPlist.strings;
			sourceTree = "<group>";
		};
/* End PBXVariantGroup section */

/* Begin XCBuildConfiguration section */
		48B3579F194ABC91005E2C9E /* Debug */ = {
			isa = XCBuildConfiguration;
			buildSettings = {
				ALWAYS_SEARCH_USER_PATHS = NO;
				CLANG_CXX_LANGUAGE_STANDARD = "gnu++0x";
				CLANG_CXX_LIBRARY = "libc++";
				CLANG_ENABLE_MODULES = YES;
				CLANG_ENABLE_OBJC_ARC = YES;
				CLANG_WARN_BOOL_CONVERSION = YES;
				CLANG_WARN_CONSTANT_CONVERSION = YES;
				CLANG_WARN_DIRECT_OBJC_ISA_USAGE = YES_ERROR;
				CLANG_WARN_EMPTY_BODY = YES;
				CLANG_WARN_ENUM_CONVERSION = YES;
				CLANG_WARN_INT_CONVERSION = YES;
				CLANG_WARN_OBJC_ROOT_CLASS = YES_ERROR;
				CLANG_WARN__DUPLICATE_METHOD_MATCH = YES;
				CODE_SIGN_IDENTITY = "iPhone Developer: Vamsi Nukala (Q3949V58HD)";
				"CODE_SIGN_IDENTITY[sdk=iphoneos*]" = "iPhone Developer: Vamsi Nukala (Q3949V58HD)";
				COPY_PHASE_STRIP = NO;
				GCC_C_LANGUAGE_STANDARD = gnu99;
				GCC_DYNAMIC_NO_PIC = NO;
				GCC_OPTIMIZATION_LEVEL = 0;
				GCC_PREPROCESSOR_DEFINITIONS = (
					"DEBUG=1",
					"$(inherited)",
				);
				GCC_SYMBOLS_PRIVATE_EXTERN = NO;
				GCC_WARN_64_TO_32_BIT_CONVERSION = YES;
				GCC_WARN_ABOUT_RETURN_TYPE = YES_ERROR;
				GCC_WARN_UNDECLARED_SELECTOR = YES;
				GCC_WARN_UNINITIALIZED_AUTOS = YES_AGGRESSIVE;
				GCC_WARN_UNUSED_FUNCTION = YES;
				GCC_WARN_UNUSED_VARIABLE = YES;
				IPHONEOS_DEPLOYMENT_TARGET = 7.1;
				ONLY_ACTIVE_ARCH = YES;
				PROVISIONING_PROFILE = "6C89CDAC-F8C4-4A91-A8B2-0913E04A207E";
				SDKROOT = iphoneos;
				TARGETED_DEVICE_FAMILY = "1,2";
			};
			name = Debug;
		};
		48B357A0194ABC91005E2C9E /* Release */ = {
			isa = XCBuildConfiguration;
			buildSettings = {
				ALWAYS_SEARCH_USER_PATHS = NO;
				CLANG_CXX_LANGUAGE_STANDARD = "gnu++0x";
				CLANG_CXX_LIBRARY = "libc++";
				CLANG_ENABLE_MODULES = YES;
				CLANG_ENABLE_OBJC_ARC = YES;
				CLANG_WARN_BOOL_CONVERSION = YES;
				CLANG_WARN_CONSTANT_CONVERSION = YES;
				CLANG_WARN_DIRECT_OBJC_ISA_USAGE = YES_ERROR;
				CLANG_WARN_EMPTY_BODY = YES;
				CLANG_WARN_ENUM_CONVERSION = YES;
				CLANG_WARN_INT_CONVERSION = YES;
				CLANG_WARN_OBJC_ROOT_CLASS = YES_ERROR;
				CLANG_WARN__DUPLICATE_METHOD_MATCH = YES;
				CODE_SIGN_IDENTITY = "iPhone Developer: Vamsi Nukala (Q3949V58HD)";
				"CODE_SIGN_IDENTITY[sdk=iphoneos*]" = "iPhone Developer: Vamsi Nukala (Q3949V58HD)";
				COPY_PHASE_STRIP = YES;
				ENABLE_NS_ASSERTIONS = NO;
				GCC_C_LANGUAGE_STANDARD = gnu99;
				GCC_WARN_64_TO_32_BIT_CONVERSION = YES;
				GCC_WARN_ABOUT_RETURN_TYPE = YES_ERROR;
				GCC_WARN_UNDECLARED_SELECTOR = YES;
				GCC_WARN_UNINITIALIZED_AUTOS = YES_AGGRESSIVE;
				GCC_WARN_UNUSED_FUNCTION = YES;
				GCC_WARN_UNUSED_VARIABLE = YES;
				IPHONEOS_DEPLOYMENT_TARGET = 7.1;
				PROVISIONING_PROFILE = "6C89CDAC-F8C4-4A91-A8B2-0913E04A207E";
				SDKROOT = iphoneos;
				TARGETED_DEVICE_FAMILY = "1,2";
				VALIDATE_PRODUCT = YES;
			};
			name = Release;
		};
		48B357A2194ABC91005E2C9E /* Debug */ = {
			isa = XCBuildConfiguration;
			buildSettings = {
				ASSETCATALOG_COMPILER_APPICON_NAME = AppIcon;
				ASSETCATALOG_COMPILER_LAUNCHIMAGE_NAME = LaunchImage;
				CODE_SIGN_IDENTITY = "iPhone Developer: Vamsi Nukala (Q3949V58HD)";
				"CODE_SIGN_IDENTITY[sdk=iphoneos*]" = "iPhone Developer: Vamsi Nukala (Q3949V58HD)";
				GCC_PRECOMPILE_PREFIX_HEADER = YES;
				GCC_PREFIX_HEADER = "HomeBook/HomeBook-Prefix.pch";
				INFOPLIST_FILE = "HomeBook/HomeBook-Info.plist";
				IPHONEOS_DEPLOYMENT_TARGET = 7.1;
				PRODUCT_NAME = "$(TARGET_NAME)";
				PROVISIONING_PROFILE = "6C89CDAC-F8C4-4A91-A8B2-0913E04A207E";
				TARGETED_DEVICE_FAMILY = 2;
				WRAPPER_EXTENSION = app;
			};
			name = Debug;
		};
		48B357A3194ABC91005E2C9E /* Release */ = {
			isa = XCBuildConfiguration;
			buildSettings = {
				ASSETCATALOG_COMPILER_APPICON_NAME = AppIcon;
				ASSETCATALOG_COMPILER_LAUNCHIMAGE_NAME = LaunchImage;
				CODE_SIGN_IDENTITY = "iPhone Developer: Vamsi Nukala (Q3949V58HD)";
				"CODE_SIGN_IDENTITY[sdk=iphoneos*]" = "iPhone Developer: Vamsi Nukala (Q3949V58HD)";
				GCC_PRECOMPILE_PREFIX_HEADER = YES;
				GCC_PREFIX_HEADER = "HomeBook/HomeBook-Prefix.pch";
				INFOPLIST_FILE = "HomeBook/HomeBook-Info.plist";
				IPHONEOS_DEPLOYMENT_TARGET = 7.1;
				PRODUCT_NAME = "$(TARGET_NAME)";
				PROVISIONING_PROFILE = "6C89CDAC-F8C4-4A91-A8B2-0913E04A207E";
				TARGETED_DEVICE_FAMILY = 2;
				WRAPPER_EXTENSION = app;
			};
			name = Release;
		};
		48B357A5194ABC91005E2C9E /* Debug */ = {
			isa = XCBuildConfiguration;
			buildSettings = {
				BUNDLE_LOADER = "$(BUILT_PRODUCTS_DIR)/HomeBook.app/HomeBook";
				FRAMEWORK_SEARCH_PATHS = (
					"$(SDKROOT)/Developer/Library/Frameworks",
					"$(inherited)",
					"$(DEVELOPER_FRAMEWORKS_DIR)",
				);
				GCC_PRECOMPILE_PREFIX_HEADER = YES;
				GCC_PREFIX_HEADER = "HomeBook/HomeBook-Prefix.pch";
				GCC_PREPROCESSOR_DEFINITIONS = (
					"DEBUG=1",
					"$(inherited)",
				);
				INFOPLIST_FILE = "HomeBookTests/HomeBookTests-Info.plist";
				PRODUCT_NAME = "$(TARGET_NAME)";
				TEST_HOST = "$(BUNDLE_LOADER)";
				WRAPPER_EXTENSION = xctest;
			};
			name = Debug;
		};
		48B357A6194ABC91005E2C9E /* Release */ = {
			isa = XCBuildConfiguration;
			buildSettings = {
				BUNDLE_LOADER = "$(BUILT_PRODUCTS_DIR)/HomeBook.app/HomeBook";
				FRAMEWORK_SEARCH_PATHS = (
					"$(SDKROOT)/Developer/Library/Frameworks",
					"$(inherited)",
					"$(DEVELOPER_FRAMEWORKS_DIR)",
				);
				GCC_PRECOMPILE_PREFIX_HEADER = YES;
				GCC_PREFIX_HEADER = "HomeBook/HomeBook-Prefix.pch";
				INFOPLIST_FILE = "HomeBookTests/HomeBookTests-Info.plist";
				PRODUCT_NAME = "$(TARGET_NAME)";
				TEST_HOST = "$(BUNDLE_LOADER)";
				WRAPPER_EXTENSION = xctest;
			};
			name = Release;
		};
/* End XCBuildConfiguration section */

/* Begin XCConfigurationList section */
		48B35767194ABC91005E2C9E /* Build configuration list for PBXProject "HomeBook" */ = {
			isa = XCConfigurationList;
			buildConfigurations = (
				48B3579F194ABC91005E2C9E /* Debug */,
				48B357A0194ABC91005E2C9E /* Release */,
			);
			defaultConfigurationIsVisible = 0;
			defaultConfigurationName = Release;
		};
		48B357A1194ABC91005E2C9E /* Build configuration list for PBXNativeTarget "HomeBook" */ = {
			isa = XCConfigurationList;
			buildConfigurations = (
				48B357A2194ABC91005E2C9E /* Debug */,
				48B357A3194ABC91005E2C9E /* Release */,
			);
			defaultConfigurationIsVisible = 0;
			defaultConfigurationName = Release;
		};
		48B357A4194ABC91005E2C9E /* Build configuration list for PBXNativeTarget "HomeBookTests" */ = {
			isa = XCConfigurationList;
			buildConfigurations = (
				48B357A5194ABC91005E2C9E /* Debug */,
				48B357A6194ABC91005E2C9E /* Release */,
			);
			defaultConfigurationIsVisible = 0;
			defaultConfigurationName = Release;
		};
/* End XCConfigurationList section */
	};
	rootObject = 48B35764194ABC91005E2C9E /* Project object */;
}
